
Microsoft Visual Studio Solution File, Format Version 12.00
# Visual Studio Version 17
VisualStudioVersion = 17.1.32120.378
MinimumVisualStudioVersion = 10.0.40219.1
Project("{2150E333-8FDC-42A3-9474-1A3956D46DE8}") = "Shared", "Shared", "{57A246A0-5B52-4700-A45C-EA0A76E28073}"
EndProject
Project("{2150E333-8FDC-42A3-9474-1A3956D46DE8}") = "Application", "Application", "{6D7D81D1-D992-493F-8031-84A9DC68D0FB}"
EndProject
Project("{2150E333-8FDC-42A3-9474-1A3956D46DE8}") = "Core", "Core", "{0E689B8A-1409-4926-8C5E-EB74D703D6C5}"
EndProject
Project("{2150E333-8FDC-42A3-9474-1A3956D46DE8}") = "CrossCutting", "CrossCutting", "{7C76E0F5-08FA-4A7B-A324-A4C337497BC8}"
EndProject
Project("{2150E333-8FDC-42A3-9474-1A3956D46DE8}") = "Infrastructure", "Infrastructure", "{6F34C782-594E-4691-96DC-6F77A598C62F}"
EndProject
Project("{2150E333-8FDC-42A3-9474-1A3956D46DE8}") = "Projects", "Projects", "{3E056352-6946-40E3-9E85-3F7C891EA83C}"
EndProject
Project("{2150E333-8FDC-42A3-9474-1A3956D46DE8}") = "_Presentation", "_Presentation", "{9B8D2A02-5F8A-4D2C-9661-0A26BB3B4731}"
EndProject
Project("{2150E333-8FDC-42A3-9474-1A3956D46DE8}") = "Application", "Application", "{35BF1A72-6992-4D6B-8D08-D67CFCD6FEAF}"
EndProject
Project("{2150E333-8FDC-42A3-9474-1A3956D46DE8}") = "Core", "Core", "{9E1CF1F1-0F9A-48E2-A654-1D7BA2EFD27D}"
EndProject
Project("{2150E333-8FDC-42A3-9474-1A3956D46DE8}") = "Infra", "Infra", "{2A0C75C2-089D-4500-AE00-354835057434}"
EndProject
Project("{2150E333-8FDC-42A3-9474-1A3956D46DE8}") = "Data", "Data", "{2CF3DC06-62E2-4075-BE15-E4693926C4F3}"
EndProject
Project("{2150E333-8FDC-42A3-9474-1A3956D46DE8}") = "CrossCutting", "CrossCutting", "{35B39F82-B80F-4A04-AB3A-4438CC79522F}"
EndProject
Project("{9A19103F-16F7-4668-BE54-9A1E7A4F7556}") = "Shared.Application", "Backend\Shared\Shared.Application\Shared.Application.csproj", "{BD597924-F33C-4BCD-BC56-10246A64229C}"
EndProject
Project("{9A19103F-16F7-4668-BE54-9A1E7A4F7556}") = "Shared.Domain", "Backend\Shared\Shared.Domain\Shared.Domain.csproj", "{43CC40B2-33E2-4125-87EC-3DE639CE49B5}"
EndProject
Project("{9A19103F-16F7-4668-BE54-9A1E7A4F7556}") = "Shared.Tools", "Backend\Shared\Shared.Tools\Shared.Tools.csproj", "{99F9608D-E844-418B-A45F-13439BE2DB7C}"
EndProject
Project("{9A19103F-16F7-4668-BE54-9A1E7A4F7556}") = "Shared.Data", "Backend\Shared\Shared.Data\Shared.Data.csproj", "{5702DFBF-E3EC-4B71-9D4E-BBB5C5067A90}"
EndProject
Project("{9A19103F-16F7-4668-BE54-9A1E7A4F7556}") = "Shared.Test", "Backend\Shared\Shared.Test\Shared.Test.csproj", "{CE880BCF-77F2-46DD-8062-4B1D8CADD5DF}"
EndProject
Project("{9A19103F-16F7-4668-BE54-9A1E7A4F7556}") = "Perlink.Oi.Juridico.WebApi", "Backend\Perlink.Oi.Juridico.WebApi\Perlink.Oi.Juridico.WebApi.csproj", "{B9B8358F-92EB-4074-A68E-FFF9516F1DB1}"
EndProject
Project("{9A19103F-16F7-4668-BE54-9A1E7A4F7556}") = "Perlink.Oi.Juridico.Application", "Backend\Perlink.Oi.Juridico.Application\Perlink.Oi.Juridico.Application.csproj", "{4ADCAB83-1D5A-4094-8AAE-98FE4C3BE9FF}"
EndProject
Project("{9A19103F-16F7-4668-BE54-9A1E7A4F7556}") = "Perlink.Oi.Juridico.Domain", "Backend\Perlink.Oi.Juridico.Domain\Perlink.Oi.Juridico.Domain.csproj", "{CF9E8362-CADE-4757-A059-06976C63499C}"
EndProject
Project("{9A19103F-16F7-4668-BE54-9A1E7A4F7556}") = "Perlink.Oi.Juridico.CrossCutting.IoC", "Backend\Perlink.Oi.Juridico.CrossCutting.IoC\Perlink.Oi.Juridico.CrossCutting.IoC.csproj", "{ADDF0441-4027-4BCE-B43D-7242E6C9EC7A}"
EndProject
Project("{9A19103F-16F7-4668-BE54-9A1E7A4F7556}") = "Perlink.Oi.Juridico.Data", "Backend\Perlink.Oi.Juridico.Data\Perlink.Oi.Juridico.Data.csproj", "{4BFFEEFE-6800-47DA-8972-83C99F43DB81}"
EndProject
Project("{9A19103F-16F7-4668-BE54-9A1E7A4F7556}") = "Perlink.Oi.Juridico.Infra", "Backend\Perlink.Oi.Juridico.Infra\Perlink.Oi.Juridico.Infra.csproj", "{880F4720-277A-4381-B5DF-6DFBD60E93FE}"
EndProject
Project("{9A19103F-16F7-4668-BE54-9A1E7A4F7556}") = "Oi.Juridico.Contextos", "Backend\Oi.Juridico.Contextos\Oi.Juridico.Contextos.csproj", "{B862616B-52DD-4514-93DA-220FC6F2C74B}"
EndProject
Project("{2150E333-8FDC-42A3-9474-1A3956D46DE8}") = "V2", "V2", "{C335216E-179C-49A6-86F5-33ACAB22EA00}"
EndProject
Project("{9A19103F-16F7-4668-BE54-9A1E7A4F7556}") = "Oi.Juridico.Contextos.V2", "Backend\V2\Oi.Juridico.Contextos.V2\Oi.Juridico.Contextos.V2.csproj", "{BC68A6C8-366E-41C7-842F-F5A575175A47}"
EndProject
Project("{9A19103F-16F7-4668-BE54-9A1E7A4F7556}") = "Oi.Juridico.WebApi.V2", "Backend\V2\Oi.Juridico.WebApi.V2\Oi.Juridico.WebApi.V2.csproj", "{E6AC86C9-3F28-45E3-81C9-505D6F77C9A4}"
EndProject
Project("{9A19103F-16F7-4668-BE54-9A1E7A4F7556}") = "Oi.Juridico.Shared.V2", "Backend\V2\Oi.Juridico.Shared.V2\Oi.Juridico.Shared.V2.csproj", "{A6CCCBE7-172B-4134-862A-F7F5E1533C8D}"
EndProject
Global
	GlobalSection(SolutionConfigurationPlatforms) = preSolution
		Debug|Any CPU = Debug|Any CPU
		Release|Any CPU = Release|Any CPU
	EndGlobalSection
	GlobalSection(ProjectConfigurationPlatforms) = postSolution
		{BD597924-F33C-4BCD-BC56-10246A64229C}.Debug|Any CPU.ActiveCfg = Debug|Any CPU
		{BD597924-F33C-4BCD-BC56-10246A64229C}.Debug|Any CPU.Build.0 = Debug|Any CPU
		{BD597924-F33C-4BCD-BC56-10246A64229C}.Release|Any CPU.ActiveCfg = Release|Any CPU
		{BD597924-F33C-4BCD-BC56-10246A64229C}.Release|Any CPU.Build.0 = Release|Any CPU
		{43CC40B2-33E2-4125-87EC-3DE639CE49B5}.Debug|Any CPU.ActiveCfg = Debug|Any CPU
		{43CC40B2-33E2-4125-87EC-3DE639CE49B5}.Debug|Any CPU.Build.0 = Debug|Any CPU
		{43CC40B2-33E2-4125-87EC-3DE639CE49B5}.Release|Any CPU.ActiveCfg = Release|Any CPU
		{43CC40B2-33E2-4125-87EC-3DE639CE49B5}.Release|Any CPU.Build.0 = Release|Any CPU
		{99F9608D-E844-418B-A45F-13439BE2DB7C}.Debug|Any CPU.ActiveCfg = Debug|Any CPU
		{99F9608D-E844-418B-A45F-13439BE2DB7C}.Debug|Any CPU.Build.0 = Debug|Any CPU
		{99F9608D-E844-418B-A45F-13439BE2DB7C}.Release|Any CPU.ActiveCfg = Release|Any CPU
		{99F9608D-E844-418B-A45F-13439BE2DB7C}.Release|Any CPU.Build.0 = Release|Any CPU
		{5702DFBF-E3EC-4B71-9D4E-BBB5C5067A90}.Debug|Any CPU.ActiveCfg = Debug|Any CPU
		{5702DFBF-E3EC-4B71-9D4E-BBB5C5067A90}.Debug|Any CPU.Build.0 = Debug|Any CPU
		{5702DFBF-E3EC-4B71-9D4E-BBB5C5067A90}.Release|Any CPU.ActiveCfg = Release|Any CPU
		{5702DFBF-E3EC-4B71-9D4E-BBB5C5067A90}.Release|Any CPU.Build.0 = Release|Any CPU
		{CE880BCF-77F2-46DD-8062-4B1D8CADD5DF}.Debug|Any CPU.ActiveCfg = Debug|Any CPU
		{CE880BCF-77F2-46DD-8062-4B1D8CADD5DF}.Debug|Any CPU.Build.0 = Debug|Any CPU
		{CE880BCF-77F2-46DD-8062-4B1D8CADD5DF}.Release|Any CPU.ActiveCfg = Release|Any CPU
		{CE880BCF-77F2-46DD-8062-4B1D8CADD5DF}.Release|Any CPU.Build.0 = Release|Any CPU
		{B9B8358F-92EB-4074-A68E-FFF9516F1DB1}.Debug|Any CPU.ActiveCfg = Debug|Any CPU
		{B9B8358F-92EB-4074-A68E-FFF9516F1DB1}.Debug|Any CPU.Build.0 = Debug|Any CPU
		{B9B8358F-92EB-4074-A68E-FFF9516F1DB1}.Release|Any CPU.ActiveCfg = Release|Any CPU
		{B9B8358F-92EB-4074-A68E-FFF9516F1DB1}.Release|Any CPU.Build.0 = Release|Any CPU
		{4ADCAB83-1D5A-4094-8AAE-98FE4C3BE9FF}.Debug|Any CPU.ActiveCfg = Debug|Any CPU
		{4ADCAB83-1D5A-4094-8AAE-98FE4C3BE9FF}.Debug|Any CPU.Build.0 = Debug|Any CPU
		{4ADCAB83-1D5A-4094-8AAE-98FE4C3BE9FF}.Release|Any CPU.ActiveCfg = Release|Any CPU
		{4ADCAB83-1D5A-4094-8AAE-98FE4C3BE9FF}.Release|Any CPU.Build.0 = Release|Any CPU
		{CF9E8362-CADE-4757-A059-06976C63499C}.Debug|Any CPU.ActiveCfg = Debug|Any CPU
		{CF9E8362-CADE-4757-A059-06976C63499C}.Debug|Any CPU.Build.0 = Debug|Any CPU
		{CF9E8362-CADE-4757-A059-06976C63499C}.Release|Any CPU.ActiveCfg = Release|Any CPU
		{CF9E8362-CADE-4757-A059-06976C63499C}.Release|Any CPU.Build.0 = Release|Any CPU
		{ADDF0441-4027-4BCE-B43D-7242E6C9EC7A}.Debug|Any CPU.ActiveCfg = Debug|Any CPU
		{ADDF0441-4027-4BCE-B43D-7242E6C9EC7A}.Debug|Any CPU.Build.0 = Debug|Any CPU
		{ADDF0441-4027-4BCE-B43D-7242E6C9EC7A}.Release|Any CPU.ActiveCfg = Release|Any CPU
		{ADDF0441-4027-4BCE-B43D-7242E6C9EC7A}.Release|Any CPU.Build.0 = Release|Any CPU
		{4BFFEEFE-6800-47DA-8972-83C99F43DB81}.Debug|Any CPU.ActiveCfg = Debug|Any CPU
		{4BFFEEFE-6800-47DA-8972-83C99F43DB81}.Debug|Any CPU.Build.0 = Debug|Any CPU
		{4BFFEEFE-6800-47DA-8972-83C99F43DB81}.Release|Any CPU.ActiveCfg = Release|Any CPU
		{4BFFEEFE-6800-47DA-8972-83C99F43DB81}.Release|Any CPU.Build.0 = Release|Any CPU
		{880F4720-277A-4381-B5DF-6DFBD60E93FE}.Debug|Any CPU.ActiveCfg = Debug|Any CPU
		{880F4720-277A-4381-B5DF-6DFBD60E93FE}.Debug|Any CPU.Build.0 = Debug|Any CPU
		{880F4720-277A-4381-B5DF-6DFBD60E93FE}.Release|Any CPU.ActiveCfg = Release|Any CPU
		{880F4720-277A-4381-B5DF-6DFBD60E93FE}.Release|Any CPU.Build.0 = Release|Any CPU
		{B862616B-52DD-4514-93DA-220FC6F2C74B}.Debug|Any CPU.ActiveCfg = Debug|Any CPU
		{B862616B-52DD-4514-93DA-220FC6F2C74B}.Debug|Any CPU.Build.0 = Debug|Any CPU
		{B862616B-52DD-4514-93DA-220FC6F2C74B}.Release|Any CPU.ActiveCfg = Release|Any CPU
		{B862616B-52DD-4514-93DA-220FC6F2C74B}.Release|Any CPU.Build.0 = Release|Any CPU
		{BC68A6C8-366E-41C7-842F-F5A575175A47}.Debug|Any CPU.ActiveCfg = Debug|Any CPU
		{BC68A6C8-366E-41C7-842F-F5A575175A47}.Debug|Any CPU.Build.0 = Debug|Any CPU
		{BC68A6C8-366E-41C7-842F-F5A575175A47}.Release|Any CPU.ActiveCfg = Release|Any CPU
		{BC68A6C8-366E-41C7-842F-F5A575175A47}.Release|Any CPU.Build.0 = Release|Any CPU
		{E6AC86C9-3F28-45E3-81C9-505D6F77C9A4}.Debug|Any CPU.ActiveCfg = Debug|Any CPU
		{E6AC86C9-3F28-45E3-81C9-505D6F77C9A4}.Debug|Any CPU.Build.0 = Debug|Any CPU
		{E6AC86C9-3F28-45E3-81C9-505D6F77C9A4}.Release|Any CPU.ActiveCfg = Release|Any CPU
		{E6AC86C9-3F28-45E3-81C9-505D6F77C9A4}.Release|Any CPU.Build.0 = Release|Any CPU
		{A6CCCBE7-172B-4134-862A-F7F5E1533C8D}.Debug|Any CPU.ActiveCfg = Debug|Any CPU
		{A6CCCBE7-172B-4134-862A-F7F5E1533C8D}.Debug|Any CPU.Build.0 = Debug|Any CPU
		{A6CCCBE7-172B-4134-862A-F7F5E1533C8D}.Release|Any CPU.ActiveCfg = Release|Any CPU
		{A6CCCBE7-172B-4134-862A-F7F5E1533C8D}.Release|Any CPU.Build.0 = Release|Any CPU
	EndGlobalSection
	GlobalSection(SolutionProperties) = preSolution
		HideSolutionNode = FALSE
	EndGlobalSection
	GlobalSection(NestedProjects) = preSolution
		{6D7D81D1-D992-493F-8031-84A9DC68D0FB} = {57A246A0-5B52-4700-A45C-EA0A76E28073}
		{0E689B8A-1409-4926-8C5E-EB74D703D6C5} = {57A246A0-5B52-4700-A45C-EA0A76E28073}
		{7C76E0F5-08FA-4A7B-A324-A4C337497BC8} = {57A246A0-5B52-4700-A45C-EA0A76E28073}
		{6F34C782-594E-4691-96DC-6F77A598C62F} = {57A246A0-5B52-4700-A45C-EA0A76E28073}
		{9B8D2A02-5F8A-4D2C-9661-0A26BB3B4731} = {3E056352-6946-40E3-9E85-3F7C891EA83C}
		{35BF1A72-6992-4D6B-8D08-D67CFCD6FEAF} = {3E056352-6946-40E3-9E85-3F7C891EA83C}
		{9E1CF1F1-0F9A-48E2-A654-1D7BA2EFD27D} = {3E056352-6946-40E3-9E85-3F7C891EA83C}
		{2A0C75C2-089D-4500-AE00-354835057434} = {3E056352-6946-40E3-9E85-3F7C891EA83C}
		{2CF3DC06-62E2-4075-BE15-E4693926C4F3} = {2A0C75C2-089D-4500-AE00-354835057434}
		{35B39F82-B80F-4A04-AB3A-4438CC79522F} = {2A0C75C2-089D-4500-AE00-354835057434}
		{BD597924-F33C-4BCD-BC56-10246A64229C} = {57A246A0-5B52-4700-A45C-EA0A76E28073}
		{43CC40B2-33E2-4125-87EC-3DE639CE49B5} = {57A246A0-5B52-4700-A45C-EA0A76E28073}
		{99F9608D-E844-418B-A45F-13439BE2DB7C} = {57A246A0-5B52-4700-A45C-EA0A76E28073}
		{5702DFBF-E3EC-4B71-9D4E-BBB5C5067A90} = {57A246A0-5B52-4700-A45C-EA0A76E28073}
		{CE880BCF-77F2-46DD-8062-4B1D8CADD5DF} = {3E056352-6946-40E3-9E85-3F7C891EA83C}
		{B9B8358F-92EB-4074-A68E-FFF9516F1DB1} = {9B8D2A02-5F8A-4D2C-9661-0A26BB3B4731}
		{4ADCAB83-1D5A-4094-8AAE-98FE4C3BE9FF} = {35BF1A72-6992-4D6B-8D08-D67CFCD6FEAF}
		{CF9E8362-CADE-4757-A059-06976C63499C} = {9E1CF1F1-0F9A-48E2-A654-1D7BA2EFD27D}
		{ADDF0441-4027-4BCE-B43D-7242E6C9EC7A} = {35B39F82-B80F-4A04-AB3A-4438CC79522F}
		{4BFFEEFE-6800-47DA-8972-83C99F43DB81} = {2CF3DC06-62E2-4075-BE15-E4693926C4F3}
		{880F4720-277A-4381-B5DF-6DFBD60E93FE} = {6D7D81D1-D992-493F-8031-84A9DC68D0FB}
		{B862616B-52DD-4514-93DA-220FC6F2C74B} = {0E689B8A-1409-4926-8C5E-EB74D703D6C5}
		{BC68A6C8-366E-41C7-842F-F5A575175A47} = {C335216E-179C-49A6-86F5-33ACAB22EA00}
		{E6AC86C9-3F28-45E3-81C9-505D6F77C9A4} = {C335216E-179C-49A6-86F5-33ACAB22EA00}
		{A6CCCBE7-172B-4134-862A-F7F5E1533C8D} = {C335216E-179C-49A6-86F5-33ACAB22EA00}
	EndGlobalSection
	GlobalSection(ExtensibilityGlobals) = postSolution
		SolutionGuid = {704B2454-B422-4B37-920A-94EE88919FF0}
	EndGlobalSection
EndGlobal
